// !$*UTF8*$!
{
	archiveVersion = 1;
	classes = {
	};
	objectVersion = 45;
	objects = {

/* Begin PBXBuildFile section */
		2F7446990DB6B7EA00F9684A /* MainMenu.xib in Resources */ = {isa = PBXBuildFile; fileRef = 2F7446970DB6B7EA00F9684A /* MainMenu.xib */; };
		770B37ED0679A11B001EADE2 /* TwReader_DataModel.xcdatamodel in Sources */ = {isa = PBXBuildFile; fileRef = 770B37EC0679A11B001EADE2 /* TwReader_DataModel.xcdatamodel */; };
		77C8280E06725ACE000B614F /* TwReader_AppDelegate.m in Sources */ = {isa = PBXBuildFile; fileRef = 77C8280C06725ACE000B614F /* TwReader_AppDelegate.m */; };
		8D11072B0486CEB800E47090 /* InfoPlist.strings in Resources */ = {isa = PBXBuildFile; fileRef = 089C165CFE840E0CC02AAC07 /* InfoPlist.strings */; };
		8D11072D0486CEB800E47090 /* main.m in Sources */ = {isa = PBXBuildFile; fileRef = 29B97316FDCFA39411CA2CEA /* main.m */; settings = {ATTRIBUTES = (); }; };
		8D11072F0486CEB800E47090 /* Cocoa.framework in Frameworks */ = {isa = PBXBuildFile; fileRef = 1058C7A1FEA54F0111CA2CBB /* Cocoa.framework */; };
		FBA1C970229620E300B7C0D8 /* NSImage+MGCropExtensions.m in Sources */ = {isa = PBXBuildFile; fileRef = FBA1C96F229620E300B7C0D8 /* NSImage+MGCropExtensions.m */; };
		FBA8990522965C4400F36951 /* Tweet.m in Sources */ = {isa = PBXBuildFile; fileRef = FBA8990422965C4400F36951 /* Tweet.m */; };
		FBC80692228D195700E8D537 /* GDataOAuthAuthentication.m in Sources */ = {isa = PBXBuildFile; fileRef = FBC8068C228D195700E8D537 /* GDataOAuthAuthentication.m */; };
		FBC80693228D195700E8D537 /* GDataOAuthSignIn.m in Sources */ = {isa = PBXBuildFile; fileRef = FBC8068E228D195700E8D537 /* GDataOAuthSignIn.m */; };
		FBC80694228D195700E8D537 /* GDataOAuthWindow.xib in Resources */ = {isa = PBXBuildFile; fileRef = FBC8068F228D195700E8D537 /* GDataOAuthWindow.xib */; };
		FBC80695228D195700E8D537 /* GDataOAuthWindowController.m in Sources */ = {isa = PBXBuildFile; fileRef = FBC80691228D195700E8D537 /* GDataOAuthWindowController.m */; };
		FBC806B7228D1AF500E8D537 /* GDataHTTPFetcher.m in Sources */ = {isa = PBXBuildFile; fileRef = FBC806B6228D1AF500E8D537 /* GDataHTTPFetcher.m */; };
		FBC8071E228D22B900E8D537 /* SystemConfiguration.framework in Frameworks */ = {isa = PBXBuildFile; fileRef = FBC8071D228D22B900E8D537 /* SystemConfiguration.framework */; };
		FBC80720228D22C600E8D537 /* Security.framework in Frameworks */ = {isa = PBXBuildFile; fileRef = FBC8071F228D22C600E8D537 /* Security.framework */; };
		FBC80722228D22CF00E8D537 /* WebKit.framework in Frameworks */ = {isa = PBXBuildFile; fileRef = FBC80721228D22CF00E8D537 /* WebKit.framework */; };
/* End PBXBuildFile section */

/* Begin PBXFileReference section */
		089C165DFE840E0CC02AAC07 /* English */ = {isa = PBXFileReference; fileEncoding = 10; lastKnownFileType = text.plist.strings; name = English; path = English.lproj/InfoPlist.strings; sourceTree = "<group>"; };
		1058C7A1FEA54F0111CA2CBB /* Cocoa.framework */ = {isa = PBXFileReference; lastKnownFileType = wrapper.framework; name = Cocoa.framework; path = /System/Library/Frameworks/Cocoa.framework; sourceTree = "<absolute>"; };
		29B97316FDCFA39411CA2CEA /* main.m */ = {isa = PBXFileReference; fileEncoding = 4; lastKnownFileType = sourcecode.c.objc; path = main.m; sourceTree = "<group>"; };
		29B97324FDCFA39411CA2CEA /* AppKit.framework */ = {isa = PBXFileReference; lastKnownFileType = wrapper.framework; name = AppKit.framework; path = /System/Library/Frameworks/AppKit.framework; sourceTree = "<absolute>"; };
		29B97325FDCFA39411CA2CEA /* Foundation.framework */ = {isa = PBXFileReference; lastKnownFileType = wrapper.framework; name = Foundation.framework; path = /System/Library/Frameworks/Foundation.framework; sourceTree = "<absolute>"; };
		2F7446980DB6B7EA00F9684A /* English */ = {isa = PBXFileReference; lastKnownFileType = file.xib; name = English; path = English.lproj/MainMenu.xib; sourceTree = "<group>"; };
		32CA4F630368D1EE00C91783 /* TwReader_Prefix.pch */ = {isa = PBXFileReference; fileEncoding = 4; lastKnownFileType = sourcecode.c.h; path = TwReader_Prefix.pch; sourceTree = "<group>"; };
		770B37EC0679A11B001EADE2 /* TwReader_DataModel.xcdatamodel */ = {isa = PBXFileReference; fileEncoding = 4; lastKnownFileType = wrapper.xcdatamodel; path = TwReader_DataModel.xcdatamodel; sourceTree = "<group>"; };
		77C82804067257F0000B614F /* CoreData.framework */ = {isa = PBXFileReference; lastKnownFileType = wrapper.framework; name = CoreData.framework; path = /System/Library/Frameworks/CoreData.framework; sourceTree = "<absolute>"; };
		77C8280B06725ACE000B614F /* TwReader_AppDelegate.h */ = {isa = PBXFileReference; fileEncoding = 4; lastKnownFileType = sourcecode.c.h; path = TwReader_AppDelegate.h; sourceTree = "<group>"; };
		77C8280C06725ACE000B614F /* TwReader_AppDelegate.m */ = {isa = PBXFileReference; fileEncoding = 4; lastKnownFileType = sourcecode.c.objc; path = TwReader_AppDelegate.m; sourceTree = "<group>"; };
		8D1107310486CEB800E47090 /* TwReader-Info.plist */ = {isa = PBXFileReference; explicitFileType = text.plist.xml; fileEncoding = 4; path = "TwReader-Info.plist"; sourceTree = "<group>"; };
		8D1107320486CEB800E47090 /* TwReader.app */ = {isa = PBXFileReference; explicitFileType = wrapper.application; includeInIndex = 0; path = TwReader.app; sourceTree = BUILT_PRODUCTS_DIR; };
		FBA1C96E229620E300B7C0D8 /* NSImage+MGCropExtensions.h */ = {isa = PBXFileReference; fileEncoding = 4; lastKnownFileType = sourcecode.c.h; path = "NSImage+MGCropExtensions.h"; sourceTree = "<group>"; };
		FBA1C96F229620E300B7C0D8 /* NSImage+MGCropExtensions.m */ = {isa = PBXFileReference; fileEncoding = 4; lastKnownFileType = sourcecode.c.objc; path = "NSImage+MGCropExtensions.m"; sourceTree = "<group>"; };
		FBA1CB1622963E8500B7C0D8 /* Tweet.h */ = {isa = PBXFileReference; fileEncoding = 4; lastKnownFileType = sourcecode.c.h; path = Tweet.h; sourceTree = "<group>"; };
		FBA8990422965C4400F36951 /* Tweet.m */ = {isa = PBXFileReference; fileEncoding = 4; lastKnownFileType = sourcecode.c.objc; path = Tweet.m; sourceTree = "<group>"; };
		FBC8068B228D195700E8D537 /* GDataOAuthAuthentication.h */ = {isa = PBXFileReference; fileEncoding = 4; lastKnownFileType = sourcecode.c.h; path = GDataOAuthAuthentication.h; sourceTree = "<group>"; };
		FBC8068C228D195700E8D537 /* GDataOAuthAuthentication.m */ = {isa = PBXFileReference; fileEncoding = 4; lastKnownFileType = sourcecode.c.objc; path = GDataOAuthAuthentication.m; sourceTree = "<group>"; };
		FBC8068D228D195700E8D537 /* GDataOAuthSignIn.h */ = {isa = PBXFileReference; fileEncoding = 4; lastKnownFileType = sourcecode.c.h; path = GDataOAuthSignIn.h; sourceTree = "<group>"; };
		FBC8068E228D195700E8D537 /* GDataOAuthSignIn.m */ = {isa = PBXFileReference; fileEncoding = 4; lastKnownFileType = sourcecode.c.objc; path = GDataOAuthSignIn.m; sourceTree = "<group>"; };
		FBC8068F228D195700E8D537 /* GDataOAuthWindow.xib */ = {isa = PBXFileReference; lastKnownFileType = file.xib; path = GDataOAuthWindow.xib; sourceTree = "<group>"; };
		FBC80690228D195700E8D537 /* GDataOAuthWindowController.h */ = {isa = PBXFileReference; fileEncoding = 4; lastKnownFileType = sourcecode.c.h; path = GDataOAuthWindowController.h; sourceTree = "<group>"; };
		FBC80691228D195700E8D537 /* GDataOAuthWindowController.m */ = {isa = PBXFileReference; fileEncoding = 4; lastKnownFileType = sourcecode.c.objc; path = GDataOAuthWindowController.m; sourceTree = "<group>"; };
		FBC806B5228D1AF500E8D537 /* GDataHTTPFetcher.h */ = {isa = PBXFileReference; fileEncoding = 4; lastKnownFileType = sourcecode.c.h; path = GDataHTTPFetcher.h; sourceTree = "<group>"; };
		FBC806B6228D1AF500E8D537 /* GDataHTTPFetcher.m */ = {isa = PBXFileReference; fileEncoding = 4; lastKnownFileType = sourcecode.c.objc; path = GDataHTTPFetcher.m; sourceTree = "<group>"; };
		FBC8071D228D22B900E8D537 /* SystemConfiguration.framework */ = {isa = PBXFileReference; lastKnownFileType = wrapper.framework; name = SystemConfiguration.framework; path = System/Library/Frameworks/SystemConfiguration.framework; sourceTree = SDKROOT; };
		FBC8071F228D22C600E8D537 /* Security.framework */ = {isa = PBXFileReference; lastKnownFileType = wrapper.framework; name = Security.framework; path = System/Library/Frameworks/Security.framework; sourceTree = SDKROOT; };
		FBC80721228D22CF00E8D537 /* WebKit.framework */ = {isa = PBXFileReference; lastKnownFileType = wrapper.framework; name = WebKit.framework; path = System/Library/Frameworks/WebKit.framework; sourceTree = SDKROOT; };
/* End PBXFileReference section */

/* Begin PBXFrameworksBuildPhase section */
		8D11072E0486CEB800E47090 /* Frameworks */ = {
			isa = PBXFrameworksBuildPhase;
			buildActionMask = 2147483647;
			files = (
				8D11072F0486CEB800E47090 /* Cocoa.framework in Frameworks */,
				FBC8071E228D22B900E8D537 /* SystemConfiguration.framework in Frameworks */,
				FBC80720228D22C600E8D537 /* Security.framework in Frameworks */,
				FBC80722228D22CF00E8D537 /* WebKit.framework in Frameworks */,
			);
			runOnlyForDeploymentPostprocessing = 0;
		};
/* End PBXFrameworksBuildPhase section */

/* Begin PBXGroup section */
		080E96DDFE201D6D7F000001 /* Classes */ = {
			isa = PBXGroup;
			children = (
				FBA1C96D229620E300B7C0D8 /* MGCropExtensions */,
				FBC80728228D22F100E8D537 /* GData */,
				77C8280B06725ACE000B614F /* TwReader_AppDelegate.h */,
				77C8280C06725ACE000B614F /* TwReader_AppDelegate.m */,
				FBA1CB1622963E8500B7C0D8 /* Tweet.h */,
				FBA8990422965C4400F36951 /* Tweet.m */,
			);
			name = Classes;
			sourceTree = "<group>";
		};
		1058C7A0FEA54F0111CA2CBB /* Linked Frameworks */ = {
			isa = PBXGroup;
			children = (
				1058C7A1FEA54F0111CA2CBB /* Cocoa.framework */,
				FBC8071D228D22B900E8D537 /* SystemConfiguration.framework */,
				FBC8071F228D22C600E8D537 /* Security.framework */,
				FBC80721228D22CF00E8D537 /* WebKit.framework */,
			);
			name = "Linked Frameworks";
			sourceTree = "<group>";
		};
		1058C7A2FEA54F0111CA2CBB /* Other Frameworks */ = {
			isa = PBXGroup;
			children = (
				77C82804067257F0000B614F /* CoreData.framework */,
				29B97325FDCFA39411CA2CEA /* Foundation.framework */,
				29B97324FDCFA39411CA2CEA /* AppKit.framework */,
			);
			name = "Other Frameworks";
			sourceTree = "<group>";
		};
		19C28FACFE9D520D11CA2CBB /* Products */ = {
			isa = PBXGroup;
			children = (
				8D1107320486CEB800E47090 /* TwReader.app */,
			);
			name = Products;
			sourceTree = "<group>";
		};
		29B97314FDCFA39411CA2CEA /* TwReader */ = {
			isa = PBXGroup;
			children = (
				7756732906782D8800D1FEB8 /* Models */,
				080E96DDFE201D6D7F000001 /* Classes */,
				29B97315FDCFA39411CA2CEA /* Other Sources */,
				29B97317FDCFA39411CA2CEA /* Resources */,
				29B97323FDCFA39411CA2CEA /* Frameworks */,
				19C28FACFE9D520D11CA2CBB /* Products */,
			);
			name = TwReader;
			sourceTree = "<group>";
		};
		29B97315FDCFA39411CA2CEA /* Other Sources */ = {
			isa = PBXGroup;
			children = (
				32CA4F630368D1EE00C91783 /* TwReader_Prefix.pch */,
				29B97316FDCFA39411CA2CEA /* main.m */,
			);
			name = "Other Sources";
			sourceTree = "<group>";
		};
		29B97317FDCFA39411CA2CEA /* Resources */ = {
			isa = PBXGroup;
			children = (
				8D1107310486CEB800E47090 /* TwReader-Info.plist */,
				089C165CFE840E0CC02AAC07 /* InfoPlist.strings */,
				2F7446970DB6B7EA00F9684A /* MainMenu.xib */,
			);
			name = Resources;
			sourceTree = "<group>";
		};
		29B97323FDCFA39411CA2CEA /* Frameworks */ = {
			isa = PBXGroup;
			children = (
				1058C7A0FEA54F0111CA2CBB /* Linked Frameworks */,
				1058C7A2FEA54F0111CA2CBB /* Other Frameworks */,
			);
			name = Frameworks;
			sourceTree = "<group>";
		};
		7756732906782D8800D1FEB8 /* Models */ = {
			isa = PBXGroup;
			children = (
				770B37EC0679A11B001EADE2 /* TwReader_DataModel.xcdatamodel */,
			);
			name = Models;
			sourceTree = "<group>";
		};
		FBA1C96D229620E300B7C0D8 /* MGCropExtensions */ = {
			isa = PBXGroup;
			children = (
				FBA1C96E229620E300B7C0D8 /* NSImage+MGCropExtensions.h */,
				FBA1C96F229620E300B7C0D8 /* NSImage+MGCropExtensions.m */,
			);
			path = MGCropExtensions;
			sourceTree = "<group>";
		};
		FBC8068A228D195700E8D537 /* OAuth */ = {
			isa = PBXGroup;
			children = (
				FBC8068B228D195700E8D537 /* GDataOAuthAuthentication.h */,
				FBC8068C228D195700E8D537 /* GDataOAuthAuthentication.m */,
				FBC8068D228D195700E8D537 /* GDataOAuthSignIn.h */,
				FBC8068E228D195700E8D537 /* GDataOAuthSignIn.m */,
				FBC8068F228D195700E8D537 /* GDataOAuthWindow.xib */,
				FBC80690228D195700E8D537 /* GDataOAuthWindowController.h */,
				FBC80691228D195700E8D537 /* GDataOAuthWindowController.m */,
			);
			name = OAuth;
			path = GData/OAuth;
			sourceTree = "<group>";
		};
		FBC806B4228D1AF500E8D537 /* Networking */ = {
			isa = PBXGroup;
			children = (
				FBC806B5228D1AF500E8D537 /* GDataHTTPFetcher.h */,
				FBC806B6228D1AF500E8D537 /* GDataHTTPFetcher.m */,
			);
			name = Networking;
			path = GData/Networking;
			sourceTree = "<group>";
		};
		FBC80728228D22F100E8D537 /* GData */ = {
			isa = PBXGroup;
			children = (
				FBC806B4228D1AF500E8D537 /* Networking */,
				FBC8068A228D195700E8D537 /* OAuth */,
			);
			name = GData;
			sourceTree = "<group>";
		};
/* End PBXGroup section */

/* Begin PBXNativeTarget section */
		8D1107260486CEB800E47090 /* TwReader */ = {
			isa = PBXNativeTarget;
			buildConfigurationList = 26FC0A840875C7B200E6366F /* Build configuration list for PBXNativeTarget "TwReader" */;
			buildPhases = (
				8D1107290486CEB800E47090 /* Resources */,
				8D11072C0486CEB800E47090 /* Sources */,
				8D11072E0486CEB800E47090 /* Frameworks */,
			);
			buildRules = (
			);
			dependencies = (
			);
			name = TwReader;
			productInstallPath = "$(HOME)/Applications";
			productName = TwReader;
			productReference = 8D1107320486CEB800E47090 /* TwReader.app */;
			productType = "com.apple.product-type.application";
		};
/* End PBXNativeTarget section */

/* Begin PBXProject section */
		29B97313FDCFA39411CA2CEA /* Project object */ = {
			isa = PBXProject;
			buildConfigurationList = 26FC0A880875C7B200E6366F /* Build configuration list for PBXProject "TwReader" */;
			compatibilityVersion = "Xcode 3.1";
			developmentRegion = English;
			hasScannedForEncodings = 1;
			knownRegions = (
				English,
				Japanese,
				French,
				German,
			);
			mainGroup = 29B97314FDCFA39411CA2CEA /* TwReader */;
			projectDirPath = "";
			projectRoot = "";
			targets = (
				8D1107260486CEB800E47090 /* TwReader */,
			);
		};
/* End PBXProject section */

/* Begin PBXResourcesBuildPhase section */
		8D1107290486CEB800E47090 /* Resources */ = {
			isa = PBXResourcesBuildPhase;
			buildActionMask = 2147483647;
			files = (
				8D11072B0486CEB800E47090 /* InfoPlist.strings in Resources */,
				2F7446990DB6B7EA00F9684A /* MainMenu.xib in Resources */,
				FBC80694228D195700E8D537 /* GDataOAuthWindow.xib in Resources */,
			);
			runOnlyForDeploymentPostprocessing = 0;
		};
/* End PBXResourcesBuildPhase section */

/* Begin PBXSourcesBuildPhase section */
		8D11072C0486CEB800E47090 /* Sources */ = {
			isa = PBXSourcesBuildPhase;
			buildActionMask = 2147483647;
			files = (
				8D11072D0486CEB800E47090 /* main.m in Sources */,
				77C8280E06725ACE000B614F /* TwReader_AppDelegate.m in Sources */,
				770B37ED0679A11B001EADE2 /* TwReader_DataModel.xcdatamodel in Sources */,
				FBC80692228D195700E8D537 /* GDataOAuthAuthentication.m in Sources */,
				FBC80693228D195700E8D537 /* GDataOAuthSignIn.m in Sources */,
				FBC80695228D195700E8D537 /* GDataOAuthWindowController.m in Sources */,
				FBC806B7228D1AF500E8D537 /* GDataHTTPFetcher.m in Sources */,
				FBA1C970229620E300B7C0D8 /* NSImage+MGCropExtensions.m in Sources */,
				FBA8990522965C4400F36951 /* Tweet.m in Sources */,
			);
			runOnlyForDeploymentPostprocessing = 0;
		};
/* End PBXSourcesBuildPhase section */

/* Begin PBXVariantGroup section */
		089C165CFE840E0CC02AAC07 /* InfoPlist.strings */ = {
			isa = PBXVariantGroup;
			children = (
				089C165DFE840E0CC02AAC07 /* English */,
			);
			name = InfoPlist.strings;
			sourceTree = "<group>";
		};
		2F7446970DB6B7EA00F9684A /* MainMenu.xib */ = {
			isa = PBXVariantGroup;
			children = (
				2F7446980DB6B7EA00F9684A /* English */,
			);
			name = MainMenu.xib;
			sourceTree = "<group>";
		};
/* End PBXVariantGroup section */

/* Begin XCBuildConfiguration section */
		26FC0A850875C7B200E6366F /* Debug */ = {
			isa = XCBuildConfiguration;
			buildSettings = {
				ARCHS = "$(ARCHS_STANDARD_32_64_BIT)";
				COPY_PHASE_STRIP = NO;
				GCC_DYNAMIC_NO_PIC = NO;
				GCC_ENABLE_FIX_AND_CONTINUE = YES;
				GCC_ENABLE_OBJC_EXCEPTIONS = YES;
				GCC_MODEL_TUNING = G5;
				GCC_OPTIMIZATION_LEVEL = 0;
				GCC_PREFIX_HEADER = TwReader_Prefix.pch;
				INFOPLIST_FILE = "TwReader-Info.plist";
				INSTALL_PATH = "$(HOME)/Applications";
				PRODUCT_NAME = TwReader;
				WRAPPER_EXTENSION = app;
			};
			name = Debug;
		};
		26FC0A860875C7B200E6366F /* Release */ = {
			isa = XCBuildConfiguration;
			buildSettings = {
				DEBUG_INFORMATION_FORMAT = "dwarf-with-dsym";
				GCC_ENABLE_OBJC_EXCEPTIONS = YES;
				GCC_MODEL_TUNING = G5;
				GCC_PRECOMPILE_PREFIX_HEADER = NO;
				GCC_PREFIX_HEADER = TwReader_Prefix.pch;
				INFOPLIST_FILE = "TwReader-Info.plist";
				INSTALL_PATH = "$(HOME)/Applications";
				PRODUCT_NAME = TwReader;
				WRAPPER_EXTENSION = app;
			};
			name = Release;
		};
		26FC0A890875C7B200E6366F /* Debug */ = {
			isa = XCBuildConfiguration;
			buildSettings = {
				ARCHS = "$(ARCHS_STANDARD_64_BIT)";
				CLANG_ENABLE_OBJC_ARC = YES;
				CLANG_ENABLE_OBJC_WEAK = YES;
				GCC_C_LANGUAGE_STANDARD = gnu99;
				GCC_PRECOMPILE_PREFIX_HEADER = YES;
				GCC_VERSION = com.apple.compilers.llvm.clang.1_0;
				GCC_WARN_ABOUT_RETURN_TYPE = YES;
				GCC_WARN_UNUSED_VARIABLE = YES;
				ONLY_ACTIVE_ARCH = YES;
				PREBINDING = NO;
				RUN_CLANG_STATIC_ANALYZER = NO;
				SDKROOT = macosx10.7;
				VALID_ARCHS = x86_64;
			};
			name = Debug;
		};
		26FC0A8A0875C7B200E6366F /* Release */ = {
			isa = XCBuildConfiguration;
			buildSettings = {
				ARCHS = "$(ARCHS_STANDARD_64_BIT)";
				CLANG_ENABLE_OBJC_ARC = YES;
				CLANG_ENABLE_OBJC_WEAK = YES;
				GCC_C_LANGUAGE_STANDARD = gnu99;
				GCC_VERSION = com.apple.compilers.llvm.clang9.9_0;
				GCC_WARN_ABOUT_RETURN_TYPE = YES;
				GCC_WARN_UNUSED_VARIABLE = YES;
				ONLY_ACTIVE_ARCH = YES;
				PREBINDING = NO;
				RUN_CLANG_STATIC_ANALYZER = NO;
				SDKROOT = macosx10.7;
				VALID_ARCHS = x86_64;
			};
			name = Release;
		};
/* End XCBuildConfiguration section */

/* Begin XCConfigurationList section */
		26FC0A840875C7B200E6366F /* Build configuration list for PBXNativeTarget "TwReader" */ = {
			isa = XCConfigurationList;
			buildConfigurations = (
				26FC0A850875C7B200E6366F /* Debug */,
				26FC0A860875C7B200E6366F /* Release */,
			);
			defaultConfigurationIsVisible = 0;
			defaultConfigurationName = Release;
		};
		26FC0A880875C7B200E6366F /* Build configuration list for PBXProject "TwReader" */ = {
			isa = XCConfigurationList;
			buildConfigurations = (
				26FC0A890875C7B200E6366F /* Debug */,
				26FC0A8A0875C7B200E6366F /* Release */,
			);
			defaultConfigurationIsVisible = 0;
			defaultConfigurationName = Release;
		};
/* End XCConfigurationList section */
	};
	rootObject = 29B97313FDCFA39411CA2CEA /* Project object */;
}
